{
  "name": "random_roulette",
  "version": "1.0.0",
  "lockfileVersion": 1,
  "requires": true,
  "dependencies": {
    "@types/css-font-loading-module": {
      "version": "0.0.2",
      "resolved": "https://registry.npmjs.org/@types/css-font-loading-module/-/css-font-loading-module-0.0.2.tgz",
      "integrity": "sha512-zZTq/B1ZcJMepOfBIMEwOZ/g/jpSPUJoxP8zPtPizOKE/Q89SujK1BLYZBg+4LLW3IzJGOI67dbeePy8uPUs+g=="
    }
  }
}
